<?xml version="1.0" encoding="utf-8"?>
<Project ToolsVersion="4.0" xmlns="http://schemas.microsoft.com/developer/msbuild/2003">
  <ItemGroup>
    <Filter Include="Source">
      <UniqueIdentifier>{4FC737F1-C7A5-4376-A066-2A32D752A2FF}</UniqueIdentifier>
      <Extensions>cpp;c;cc;cxx;def;odl;idl;hpj;bat;asm;asmx</Extensions>
    </Filter>
    <Filter Include="Source\Graphics">
      <UniqueIdentifier>{8a05d9e7-bdcf-4247-8246-723651e2083c}</UniqueIdentifier>
    </Filter>
    <Filter Include="Source\Modules">
      <UniqueIdentifier>{983665fa-5a49-4307-bd4c-101de2d9b139}</UniqueIdentifier>
    </Filter>
    <Filter Include="Source\Utilities">
      <UniqueIdentifier>{35239bb2-bb57-4cf4-9070-ccd020968cc7}</UniqueIdentifier>
    </Filter>
    <Filter Include="Source\Assets">
      <UniqueIdentifier>{5e84eb9b-b52e-4455-bcdc-1b84f8102ea4}</UniqueIdentifier>
    </Filter>
    <Filter Include="Source\Assets\Importers">
      <UniqueIdentifier>{c73ee82c-450e-4780-9228-a333727d9577}</UniqueIdentifier>
    </Filter>
  </ItemGroup>
  <ItemGroup>
    <ClInclude Include="Source\Engine.hpp">
      <Filter>Source</Filter>
    </ClInclude>
    <ClInclude Include="Source\PCH.hpp">
      <Filter>Source</Filter>
    </ClInclude>
    <ClInclude Include="Source\IGame.hpp">
      <Filter>Source</Filter>
    </ClInclude>
    <ClInclude Include="Source\GrimWorkshop.hpp">
      <Filter>Source</Filter>
    </ClInclude>
    <ClInclude Include="Source\Modules\ModuleFactory.hpp">
      <Filter>Source\Modules</Filter>
    </ClInclude>
    <ClInclude Include="Source\Modules\ITimeModule.hpp">
      <Filter>Source\Modules</Filter>
    </ClInclude>
    <ClInclude Include="Source\Graphics\OpenGLWindowModule.hpp">
      <Filter>Source\Graphics</Filter>
    </ClInclude>
    <ClInclude Include="Source\Utilities\GrimTimeModule.hpp">
      <Filter>Source\Utilities</Filter>
    </ClInclude>
    <ClInclude Include="Source\Utilities\Log.hpp">
      <Filter>Source\Utilities</Filter>
    </ClInclude>
    <ClInclude Include="Source\Modules\IModule.hpp">
      <Filter>Source\Modules</Filter>
    </ClInclude>
    <ClInclude Include="Source\Modules\IWindowModule.hpp">
      <Filter>Source\Modules</Filter>
    </ClInclude>
    <ClInclude Include="Source\Modules\IRendererModule.hpp">
      <Filter>Source\Modules</Filter>
    </ClInclude>
    <ClInclude Include="Source\Graphics\OpenGLRendererModule.hpp">
      <Filter>Source\Graphics</Filter>
    </ClInclude>
    <ClInclude Include="Source\Graphics\Vertex.hpp">
      <Filter>Source\Graphics</Filter>
    </ClInclude>
    <ClInclude Include="Source\Graphics\Mesh.hpp">
      <Filter>Source\Graphics</Filter>
    </ClInclude>
    <ClInclude Include="Source\Assets\IAsset.hpp">
      <Filter>Source\Assets</Filter>
    </ClInclude>
    <ClInclude Include="Source\Modules\IAssetModule.hpp">
      <Filter>Source\Modules</Filter>
    </ClInclude>
    <ClInclude Include="Source\Assets\GrimAssetModule.hpp">
      <Filter>Source\Assets</Filter>
    </ClInclude>
    <ClInclude Include="Source\Modules\IFileModule.hpp">
      <Filter>Source\Modules</Filter>
    </ClInclude>
    <ClInclude Include="Source\Utilities\WindowsFileModule.hpp">
      <Filter>Source\Utilities</Filter>
    </ClInclude>
    <ClInclude Include="Source\Assets\Importers\IAssetImporter.hpp">
      <Filter>Source\Assets\Importers</Filter>
    </ClInclude>
    <ClInclude Include="Source\Assets\Importers\IShaderAssetImporter.hpp">
      <Filter>Source\Assets\Importers</Filter>
    </ClInclude>
    <ClInclude Include="Source\Assets\Importers\OpenGLShaderAssetImporter.hpp">
      <Filter>Source\Assets\Importers</Filter>
    </ClInclude>
    <ClInclude Include="Source\Assets\IShaderAsset.hpp">
      <Filter>Source\Assets</Filter>
    </ClInclude>
  </ItemGroup>
  <ItemGroup>
    <ClCompile Include="Source\Engine.cpp">
      <Filter>Source</Filter>
    </ClCompile>
    <ClCompile Include="Source\Modules\ModuleFactory.cpp">
      <Filter>Source\Modules</Filter>
    </ClCompile>
    <ClCompile Include="Source\Graphics\OpenGLWindowModule.cpp">
      <Filter>Source\Graphics</Filter>
    </ClCompile>
    <ClCompile Include="Source\Utilities\GrimTimeModule.cpp">
      <Filter>Source\Utilities</Filter>
    </ClCompile>
    <ClCompile Include="Source\Utilities\Log.cpp">
      <Filter>Source\Utilities</Filter>
    </ClCompile>
    <ClCompile Include="Source\Graphics\OpenGLRendererModule.cpp">
      <Filter>Source\Graphics</Filter>
    </ClCompile>
    <ClCompile Include="Source\Graphics\Mesh.cpp">
      <Filter>Source\Graphics</Filter>
    </ClCompile>
    <ClCompile Include="Source\Assets\GrimAssetModule.cpp">
      <Filter>Source\Assets</Filter>
    </ClCompile>
    <ClCompile Include="Source\Utilities\WindowsFileModule.cpp">
      <Filter>Source\Utilities</Filter>
    </ClCompile>
    <ClCompile Include="Source\Assets\Importers\OpenGLShaderAssetImporter.cpp">
      <Filter>Source\Assets\Importers</Filter>
    </ClCompile>
  </ItemGroup>
</Project>