<?xml version="1.0" encoding="utf-8"?>
<Project ToolsVersion="4.0" xmlns="http://schemas.microsoft.com/developer/msbuild/2003">
  <ItemGroup>
    <Filter Include="Source">
      <UniqueIdentifier>{4FC737F1-C7A5-4376-A066-2A32D752A2FF}</UniqueIdentifier>
      <Extensions>cpp;c;cc;cxx;def;odl;idl;hpj;bat;asm;asmx</Extensions>
    </Filter>
    <Filter Include="Source\Graphics">
      <UniqueIdentifier>{8a05d9e7-bdcf-4247-8246-723651e2083c}</UniqueIdentifier>
    </Filter>
    <Filter Include="Source\Modules">
      <UniqueIdentifier>{983665fa-5a49-4307-bd4c-101de2d9b139}</UniqueIdentifier>
    </Filter>
    <Filter Include="Source\Utilities">
      <UniqueIdentifier>{35239bb2-bb57-4cf4-9070-ccd020968cc7}</UniqueIdentifier>
    </Filter>
    <Filter Include="Source\Assets">
      <UniqueIdentifier>{5e84eb9b-b52e-4455-bcdc-1b84f8102ea4}</UniqueIdentifier>
    </Filter>
    <Filter Include="Source\OpenGL">
      <UniqueIdentifier>{622bc5ba-1640-46f0-be5a-83a2efdc1bc7}</UniqueIdentifier>
    </Filter>
    <Filter Include="Source\Windows">
      <UniqueIdentifier>{77865688-851f-4718-b5e6-c862a8c64162}</UniqueIdentifier>
    </Filter>
  </ItemGroup>
  <ItemGroup>
    <ClInclude Include="Source\Engine.hpp">
      <Filter>Source</Filter>
    </ClInclude>
    <ClInclude Include="Source\PCH.hpp">
      <Filter>Source</Filter>
    </ClInclude>
    <ClInclude Include="Source\IGame.hpp">
      <Filter>Source</Filter>
    </ClInclude>
    <ClInclude Include="Source\GrimWorkshop.hpp">
      <Filter>Source</Filter>
    </ClInclude>
    <ClInclude Include="Source\Modules\ModuleFactory.hpp">
      <Filter>Source\Modules</Filter>
    </ClInclude>
    <ClInclude Include="Source\Modules\ITimeModule.hpp">
      <Filter>Source\Modules</Filter>
    </ClInclude>
    <ClInclude Include="Source\Utilities\GrimTimeModule.hpp">
      <Filter>Source\Utilities</Filter>
    </ClInclude>
    <ClInclude Include="Source\Utilities\Log.hpp">
      <Filter>Source\Utilities</Filter>
    </ClInclude>
    <ClInclude Include="Source\Modules\IModule.hpp">
      <Filter>Source\Modules</Filter>
    </ClInclude>
    <ClInclude Include="Source\Modules\IWindowModule.hpp">
      <Filter>Source\Modules</Filter>
    </ClInclude>
    <ClInclude Include="Source\Modules\IRendererModule.hpp">
      <Filter>Source\Modules</Filter>
    </ClInclude>
    <ClInclude Include="Source\Graphics\Vertex.hpp">
      <Filter>Source\Graphics</Filter>
    </ClInclude>
    <ClInclude Include="Source\Graphics\Mesh.hpp">
      <Filter>Source\Graphics</Filter>
    </ClInclude>
    <ClInclude Include="Source\Assets\IAsset.hpp">
      <Filter>Source\Assets</Filter>
    </ClInclude>
    <ClInclude Include="Source\Modules\IAssetModule.hpp">
      <Filter>Source\Modules</Filter>
    </ClInclude>
    <ClInclude Include="Source\Assets\GrimAssetModule.hpp">
      <Filter>Source\Assets</Filter>
    </ClInclude>
    <ClInclude Include="Source\Modules\IFileModule.hpp">
      <Filter>Source\Modules</Filter>
    </ClInclude>
    <ClInclude Include="Source\Assets\IShaderProgram.hpp">
      <Filter>Source\Assets</Filter>
    </ClInclude>
    <ClInclude Include="Source\Assets\IShader.hpp">
      <Filter>Source\Assets</Filter>
    </ClInclude>
    <ClInclude Include="Source\OpenGL\OpenGLRendererModule.hpp">
      <Filter>Source\OpenGL</Filter>
    </ClInclude>
    <ClInclude Include="Source\OpenGL\OpenGLWindowModule.hpp">
      <Filter>Source\OpenGL</Filter>
    </ClInclude>
    <ClInclude Include="Source\OpenGL\OpenGLShaderProgram.hpp">
      <Filter>Source\OpenGL</Filter>
    </ClInclude>
    <ClInclude Include="Source\OpenGL\OpenGLShader.hpp">
      <Filter>Source\OpenGL</Filter>
    </ClInclude>
    <ClInclude Include="Source\Assets\AssetImporter.hpp">
      <Filter>Source\Assets</Filter>
    </ClInclude>
    <ClInclude Include="Source\OpenGL\OpenGLShaderProgramImporter.hpp">
      <Filter>Source\OpenGL</Filter>
    </ClInclude>
    <ClInclude Include="Source\OpenGL\OpenGLShaderImporter.hpp">
      <Filter>Source\OpenGL</Filter>
    </ClInclude>
    <ClInclude Include="Source\Windows\WindowsFileModule.hpp">
      <Filter>Source\Windows</Filter>
    </ClInclude>
  </ItemGroup>
  <ItemGroup>
    <ClCompile Include="Source\Engine.cpp">
      <Filter>Source</Filter>
    </ClCompile>
    <ClCompile Include="Source\Modules\ModuleFactory.cpp">
      <Filter>Source\Modules</Filter>
    </ClCompile>
    <ClCompile Include="Source\Utilities\GrimTimeModule.cpp">
      <Filter>Source\Utilities</Filter>
    </ClCompile>
    <ClCompile Include="Source\Utilities\Log.cpp">
      <Filter>Source\Utilities</Filter>
    </ClCompile>
    <ClCompile Include="Source\Graphics\Mesh.cpp">
      <Filter>Source\Graphics</Filter>
    </ClCompile>
    <ClCompile Include="Source\Assets\GrimAssetModule.cpp">
      <Filter>Source\Assets</Filter>
    </ClCompile>
    <ClCompile Include="Source\OpenGL\OpenGLRendererModule.cpp">
      <Filter>Source\OpenGL</Filter>
    </ClCompile>
    <ClCompile Include="Source\OpenGL\OpenGLWindowModule.cpp">
      <Filter>Source\OpenGL</Filter>
    </ClCompile>
    <ClCompile Include="Source\OpenGL\OpenGLShader.cpp">
      <Filter>Source\OpenGL</Filter>
    </ClCompile>
    <ClCompile Include="Source\OpenGL\OpenGLShaderProgram.cpp">
      <Filter>Source\OpenGL</Filter>
    </ClCompile>
    <ClCompile Include="Source\Assets\AssetImporter.cpp">
      <Filter>Source\Assets</Filter>
    </ClCompile>
    <ClCompile Include="Source\OpenGL\OpenGLShaderImporter.cpp">
      <Filter>Source\OpenGL</Filter>
    </ClCompile>
    <ClCompile Include="Source\OpenGL\OpenGLShaderProgramImporter.cpp">
      <Filter>Source\OpenGL</Filter>
    </ClCompile>
    <ClCompile Include="Source\Windows\WindowsFileModule.cpp">
      <Filter>Source\Windows</Filter>
    </ClCompile>
  </ItemGroup>
</Project>