<?xml version="1.0" encoding="utf-8"?>
<Project ToolsVersion="4.0" xmlns="http://schemas.microsoft.com/developer/msbuild/2003">
  <ItemGroup>
    <Filter Include="Source">
      <UniqueIdentifier>{4FC737F1-C7A5-4376-A066-2A32D752A2FF}</UniqueIdentifier>
      <Extensions>cpp;c;cc;cxx;def;odl;idl;hpj;bat;asm;asmx</Extensions>
    </Filter>
    <Filter Include="Source\UI">
      <UniqueIdentifier>{0047ba70-6207-490d-9a60-17bb361f9c81}</UniqueIdentifier>
    </Filter>
    <Filter Include="Source\Utility">
      <UniqueIdentifier>{22615b03-6cc9-49b3-95d6-197393a428ca}</UniqueIdentifier>
    </Filter>
    <Filter Include="Source\Audio">
      <UniqueIdentifier>{024aa736-29a4-4fba-966d-6951b455474f}</UniqueIdentifier>
    </Filter>
    <Filter Include="Source\Platform">
      <UniqueIdentifier>{21e1ee31-9e84-4126-b14f-7606eb574243}</UniqueIdentifier>
    </Filter>
    <Filter Include="Source\Platform\Windows">
      <UniqueIdentifier>{9efd63a2-beec-470d-bee4-618360c346ab}</UniqueIdentifier>
    </Filter>
    <Filter Include="Source\Assets">
      <UniqueIdentifier>{b5365424-a7a6-4761-b82b-c167655cfce4}</UniqueIdentifier>
    </Filter>
    <Filter Include="Source\Video">
      <UniqueIdentifier>{23e7bff9-1b6c-4bc7-9841-b56e180b416d}</UniqueIdentifier>
    </Filter>
    <Filter Include="Source\Video\OpenGL">
      <UniqueIdentifier>{03c82c63-aa88-4cfa-a486-c6a3525f30bb}</UniqueIdentifier>
    </Filter>
  </ItemGroup>
  <ItemGroup>
    <ClCompile Include="Source\Utility\Random.cpp">
      <Filter>Source\Utility</Filter>
    </ClCompile>
    <ClCompile Include="Source\Utility\Timer.cpp">
      <Filter>Source\Utility</Filter>
    </ClCompile>
    <ClCompile Include="Source\Utility\PoissonDiskGenerator.cpp">
      <Filter>Source\Utility</Filter>
    </ClCompile>
    <ClCompile Include="Source\Engine.cpp">
      <Filter>Source</Filter>
    </ClCompile>
    <ClCompile Include="Source\Audio\SDLAudio.cpp">
      <Filter>Source\Audio</Filter>
    </ClCompile>
    <ClCompile Include="Source\Audio\AudioFactory.cpp">
      <Filter>Source\Audio</Filter>
    </ClCompile>
    <ClCompile Include="Source\Utility\Logger.cpp">
      <Filter>Source\Utility</Filter>
    </ClCompile>
    <ClCompile Include="Source\ModuleFactory.cpp">
      <Filter>Source</Filter>
    </ClCompile>
    <ClCompile Include="Source\Utility\GrimTimeModule.cpp">
      <Filter>Source\Utility</Filter>
    </ClCompile>
    <ClCompile Include="Source\Platform\Windows\WindowsFileModule.cpp">
      <Filter>Source\Platform\Windows</Filter>
    </ClCompile>
    <ClCompile Include="Source\UI\GrimInputModule.cpp">
      <Filter>Source\UI</Filter>
    </ClCompile>
    <ClCompile Include="Source\Assets\Asset.cpp">
      <Filter>Source\Assets</Filter>
    </ClCompile>
    <ClCompile Include="Source\Video\OpenGL\OpenGLWindowModule.cpp">
      <Filter>Source\Video\OpenGL</Filter>
    </ClCompile>
    <ClCompile Include="Source\Video\Camera.cpp">
      <Filter>Source\Video</Filter>
    </ClCompile>
    <ClCompile Include="Source\Video\Mesh.cpp">
      <Filter>Source\Video</Filter>
    </ClCompile>
    <ClCompile Include="Source\Video\OpenGLRenderer.cpp">
      <Filter>Source\Video</Filter>
    </ClCompile>
    <ClCompile Include="Source\Video\RendererFactory.cpp">
      <Filter>Source\Video</Filter>
    </ClCompile>
    <ClCompile Include="Source\Video\Shader.cpp">
      <Filter>Source\Video</Filter>
    </ClCompile>
    <ClCompile Include="Source\Video\ShaderProgram.cpp">
      <Filter>Source\Video</Filter>
    </ClCompile>
    <ClCompile Include="Source\Video\Sprite.cpp">
      <Filter>Source\Video</Filter>
    </ClCompile>
    <ClCompile Include="Source\Video\Texture.cpp">
      <Filter>Source\Video</Filter>
    </ClCompile>
  </ItemGroup>
  <ItemGroup>
    <ClInclude Include="Source\PCH.hpp">
      <Filter>Source</Filter>
    </ClInclude>
    <ClInclude Include="Source\GrimWorkshop.hpp">
      <Filter>Source</Filter>
    </ClInclude>
    <ClInclude Include="Source\Utility\PoissonDiskGenerator.hpp">
      <Filter>Source\Utility</Filter>
    </ClInclude>
    <ClInclude Include="Source\Utility\Random.hpp">
      <Filter>Source\Utility</Filter>
    </ClInclude>
    <ClInclude Include="Source\Utility\Timer.hpp">
      <Filter>Source\Utility</Filter>
    </ClInclude>
    <ClInclude Include="Source\Engine.hpp">
      <Filter>Source</Filter>
    </ClInclude>
    <ClInclude Include="Source\Audio\SDLAudio.hpp">
      <Filter>Source\Audio</Filter>
    </ClInclude>
    <ClInclude Include="Source\Audio\IAudio.hpp">
      <Filter>Source\Audio</Filter>
    </ClInclude>
    <ClInclude Include="Source\Audio\AudioFactory.hpp">
      <Filter>Source\Audio</Filter>
    </ClInclude>
    <ClInclude Include="Source\IGame.hpp">
      <Filter>Source</Filter>
    </ClInclude>
    <ClInclude Include="Source\Utility\Logger.hpp">
      <Filter>Source\Utility</Filter>
    </ClInclude>
    <ClInclude Include="Source\IModule.hpp">
      <Filter>Source</Filter>
    </ClInclude>
    <ClInclude Include="Source\ModuleFactory.hpp">
      <Filter>Source</Filter>
    </ClInclude>
    <ClInclude Include="Source\Utility\ITimeModule.hpp">
      <Filter>Source\Utility</Filter>
    </ClInclude>
    <ClInclude Include="Source\Utility\GrimTimeModule.hpp">
      <Filter>Source\Utility</Filter>
    </ClInclude>
    <ClInclude Include="Source\Platform\IFileModule.hpp">
      <Filter>Source\Platform</Filter>
    </ClInclude>
    <ClInclude Include="Source\Platform\Windows\WindowsFileModule.hpp">
      <Filter>Source\Platform\Windows</Filter>
    </ClInclude>
    <ClInclude Include="Source\UI\IInputModule.hpp">
      <Filter>Source\UI</Filter>
    </ClInclude>
    <ClInclude Include="Source\UI\GrimInputModule.hpp">
      <Filter>Source\UI</Filter>
    </ClInclude>
    <ClInclude Include="Source\UI\InputConstants.hpp">
      <Filter>Source\UI</Filter>
    </ClInclude>
    <ClInclude Include="Source\Assets\Asset.hpp">
      <Filter>Source\Assets</Filter>
    </ClInclude>
    <ClInclude Include="Source\Video\OpenGL\OpenGLWindowModule.hpp">
      <Filter>Source\Video\OpenGL</Filter>
    </ClInclude>
    <ClInclude Include="Source\Video\Camera.hpp">
      <Filter>Source\Video</Filter>
    </ClInclude>
    <ClInclude Include="Source\Video\Color.hpp">
      <Filter>Source\Video</Filter>
    </ClInclude>
    <ClInclude Include="Source\Video\IRenderer.hpp">
      <Filter>Source\Video</Filter>
    </ClInclude>
    <ClInclude Include="Source\Video\IWindowModule.hpp">
      <Filter>Source\Video</Filter>
    </ClInclude>
    <ClInclude Include="Source\Video\Material.hpp">
      <Filter>Source\Video</Filter>
    </ClInclude>
    <ClInclude Include="Source\Video\Mesh.hpp">
      <Filter>Source\Video</Filter>
    </ClInclude>
    <ClInclude Include="Source\Video\OpenGLRenderer.hpp">
      <Filter>Source\Video</Filter>
    </ClInclude>
    <ClInclude Include="Source\Video\PrimitiveType.hpp">
      <Filter>Source\Video</Filter>
    </ClInclude>
    <ClInclude Include="Source\Video\Rect.hpp">
      <Filter>Source\Video</Filter>
    </ClInclude>
    <ClInclude Include="Source\Video\RenderCommand.hpp">
      <Filter>Source\Video</Filter>
    </ClInclude>
    <ClInclude Include="Source\Video\RendererFactory.hpp">
      <Filter>Source\Video</Filter>
    </ClInclude>
    <ClInclude Include="Source\Video\Shader.hpp">
      <Filter>Source\Video</Filter>
    </ClInclude>
    <ClInclude Include="Source\Video\ShaderProgram.hpp">
      <Filter>Source\Video</Filter>
    </ClInclude>
    <ClInclude Include="Source\Video\Sprite.hpp">
      <Filter>Source\Video</Filter>
    </ClInclude>
    <ClInclude Include="Source\Video\Texture.hpp">
      <Filter>Source\Video</Filter>
    </ClInclude>
    <ClInclude Include="Source\Video\Transform.hpp">
      <Filter>Source\Video</Filter>
    </ClInclude>
    <ClInclude Include="Source\Video\Vertex.hpp">
      <Filter>Source\Video</Filter>
    </ClInclude>
    <ClInclude Include="Source\Assets\IAssetModule.hpp">
      <Filter>Source\Assets</Filter>
    </ClInclude>
  </ItemGroup>
</Project>