<?xml version="1.0" encoding="utf-8"?>
<Project ToolsVersion="4.0" xmlns="http://schemas.microsoft.com/developer/msbuild/2003">
  <ItemGroup>
    <Filter Include="Source">
      <UniqueIdentifier>{4FC737F1-C7A5-4376-A066-2A32D752A2FF}</UniqueIdentifier>
      <Extensions>cpp;c;cc;cxx;def;odl;idl;hpj;bat;asm;asmx</Extensions>
    </Filter>
    <Filter Include="Source\Graphics">
      <UniqueIdentifier>{23e7bff9-1b6c-4bc7-9841-b56e180b416d}</UniqueIdentifier>
    </Filter>
    <Filter Include="Source\UI">
      <UniqueIdentifier>{0047ba70-6207-490d-9a60-17bb361f9c81}</UniqueIdentifier>
    </Filter>
    <Filter Include="Source\Utility">
      <UniqueIdentifier>{22615b03-6cc9-49b3-95d6-197393a428ca}</UniqueIdentifier>
    </Filter>
    <Filter Include="Source\UI\Widgets">
      <UniqueIdentifier>{4c221cf9-72b3-4283-b49a-5ea79aed7983}</UniqueIdentifier>
    </Filter>
    <Filter Include="Source\Audio">
      <UniqueIdentifier>{024aa736-29a4-4fba-966d-6951b455474f}</UniqueIdentifier>
    </Filter>
  </ItemGroup>
  <ItemGroup>
    <ClCompile Include="Source\PCH.cpp">
      <Filter>Source</Filter>
    </ClCompile>
    <ClCompile Include="Source\Graphics\Camera.cpp">
      <Filter>Source\Graphics</Filter>
    </ClCompile>
    <ClCompile Include="Source\Utility\Debug.cpp">
      <Filter>Source\Utility</Filter>
    </ClCompile>
    <ClCompile Include="Source\Graphics\ShaderProgram.cpp">
      <Filter>Source\Graphics</Filter>
    </ClCompile>
    <ClCompile Include="Source\Graphics\Texture.cpp">
      <Filter>Source\Graphics</Filter>
    </ClCompile>
    <ClCompile Include="Source\Graphics\Mesh.cpp">
      <Filter>Source\Graphics</Filter>
    </ClCompile>
    <ClCompile Include="Source\Graphics\SpriteBatch.cpp">
      <Filter>Source\Graphics</Filter>
    </ClCompile>
    <ClCompile Include="Source\UI\Widgets\Widget.cpp">
      <Filter>Source\UI\Widgets</Filter>
    </ClCompile>
    <ClCompile Include="Source\UI\Widgets\Text.cpp">
      <Filter>Source\UI\Widgets</Filter>
    </ClCompile>
    <ClCompile Include="Source\Utility\Random.cpp">
      <Filter>Source\Utility</Filter>
    </ClCompile>
    <ClCompile Include="Source\Utility\Timer.cpp">
      <Filter>Source\Utility</Filter>
    </ClCompile>
    <ClCompile Include="Source\Utility\PoissonDiskGenerator.cpp">
      <Filter>Source\Utility</Filter>
    </ClCompile>
    <ClCompile Include="Source\Graphics\Shader.cpp">
      <Filter>Source\Graphics</Filter>
    </ClCompile>
    <ClCompile Include="Source\Engine.cpp">
      <Filter>Source</Filter>
    </ClCompile>
    <ClCompile Include="Source\Audio\SDLAudio.cpp">
      <Filter>Source\Audio</Filter>
    </ClCompile>
    <ClCompile Include="Source\Audio\AudioFactory.cpp">
      <Filter>Source\Audio</Filter>
    </ClCompile>
    <ClCompile Include="Source\Graphics\RendererFactory.cpp">
      <Filter>Source\Graphics</Filter>
    </ClCompile>
    <ClCompile Include="Source\Graphics\SDLRenderer.cpp">
      <Filter>Source\Graphics</Filter>
    </ClCompile>
    <ClCompile Include="Source\Graphics\WindowFactory.cpp">
      <Filter>Source\Graphics</Filter>
    </ClCompile>
    <ClCompile Include="Source\Graphics\SDLWindow.cpp">
      <Filter>Source\Graphics</Filter>
    </ClCompile>
    <ClCompile Include="Source\UI\SDLInput.cpp">
      <Filter>Source\UI</Filter>
    </ClCompile>
    <ClCompile Include="Source\UI\InputFactory.cpp">
      <Filter>Source\UI</Filter>
    </ClCompile>
    <ClCompile Include="Source\UI\UIFactory.cpp">
      <Filter>Source\UI</Filter>
    </ClCompile>
    <ClCompile Include="Source\UI\GrimUI.cpp">
      <Filter>Source\UI</Filter>
    </ClCompile>
  </ItemGroup>
  <ItemGroup>
    <ClInclude Include="Source\PCH.hpp">
      <Filter>Source</Filter>
    </ClInclude>
    <ClInclude Include="Source\GrimWorkshop.hpp">
      <Filter>Source</Filter>
    </ClInclude>
    <ClInclude Include="Source\Graphics\Color.hpp">
      <Filter>Source\Graphics</Filter>
    </ClInclude>
    <ClInclude Include="Source\Graphics\Camera.hpp">
      <Filter>Source\Graphics</Filter>
    </ClInclude>
    <ClInclude Include="Source\Utility\Debug.hpp">
      <Filter>Source\Utility</Filter>
    </ClInclude>
    <ClInclude Include="Source\Graphics\ShaderProgram.hpp">
      <Filter>Source\Graphics</Filter>
    </ClInclude>
    <ClInclude Include="Source\Graphics\SpriteBatch.hpp">
      <Filter>Source\Graphics</Filter>
    </ClInclude>
    <ClInclude Include="Source\Graphics\Texture.hpp">
      <Filter>Source\Graphics</Filter>
    </ClInclude>
    <ClInclude Include="Source\Graphics\Vertex.hpp">
      <Filter>Source\Graphics</Filter>
    </ClInclude>
    <ClInclude Include="Source\Graphics\Mesh.hpp">
      <Filter>Source\Graphics</Filter>
    </ClInclude>
    <ClInclude Include="Source\Graphics\Rect.hpp">
      <Filter>Source\Graphics</Filter>
    </ClInclude>
    <ClInclude Include="Source\Graphics\Sprite.hpp">
      <Filter>Source\Graphics</Filter>
    </ClInclude>
    <ClInclude Include="Source\UI\Widgets\Text.hpp">
      <Filter>Source\UI\Widgets</Filter>
    </ClInclude>
    <ClInclude Include="Source\UI\Widgets\Widget.hpp">
      <Filter>Source\UI\Widgets</Filter>
    </ClInclude>
    <ClInclude Include="Source\Utility\PoissonDiskGenerator.hpp">
      <Filter>Source\Utility</Filter>
    </ClInclude>
    <ClInclude Include="Source\Utility\Random.hpp">
      <Filter>Source\Utility</Filter>
    </ClInclude>
    <ClInclude Include="Source\Utility\Timer.hpp">
      <Filter>Source\Utility</Filter>
    </ClInclude>
    <ClInclude Include="Source\Graphics\Shader.hpp">
      <Filter>Source\Graphics</Filter>
    </ClInclude>
    <ClInclude Include="Source\Engine.hpp">
      <Filter>Source</Filter>
    </ClInclude>
    <ClInclude Include="Source\Audio\SDLAudio.hpp">
      <Filter>Source\Audio</Filter>
    </ClInclude>
    <ClInclude Include="Source\Audio\IAudio.hpp">
      <Filter>Source\Audio</Filter>
    </ClInclude>
    <ClInclude Include="Source\Audio\AudioFactory.hpp">
      <Filter>Source\Audio</Filter>
    </ClInclude>
    <ClInclude Include="Source\Graphics\RendererFactory.hpp">
      <Filter>Source\Graphics</Filter>
    </ClInclude>
    <ClInclude Include="Source\Graphics\IRenderer.hpp">
      <Filter>Source\Graphics</Filter>
    </ClInclude>
    <ClInclude Include="Source\Graphics\SDLRenderer.hpp">
      <Filter>Source\Graphics</Filter>
    </ClInclude>
    <ClInclude Include="Source\Graphics\IWindow.hpp">
      <Filter>Source\Graphics</Filter>
    </ClInclude>
    <ClInclude Include="Source\Graphics\WindowFactory.hpp">
      <Filter>Source\Graphics</Filter>
    </ClInclude>
    <ClInclude Include="Source\Graphics\SDLWindow.hpp">
      <Filter>Source\Graphics</Filter>
    </ClInclude>
    <ClInclude Include="Source\UI\SDLInput.hpp">
      <Filter>Source\UI</Filter>
    </ClInclude>
    <ClInclude Include="Source\UI\InputFactory.hpp">
      <Filter>Source\UI</Filter>
    </ClInclude>
    <ClInclude Include="Source\UI\IInput.hpp">
      <Filter>Source\UI</Filter>
    </ClInclude>
    <ClInclude Include="Source\UI\UIFactory.hpp">
      <Filter>Source\UI</Filter>
    </ClInclude>
    <ClInclude Include="Source\UI\GrimUI.hpp">
      <Filter>Source\UI</Filter>
    </ClInclude>
    <ClInclude Include="Source\UI\IUserInterface.hpp">
      <Filter>Source\UI</Filter>
    </ClInclude>
  </ItemGroup>
</Project>