<?xml version="1.0" encoding="utf-8"?>
<Project ToolsVersion="4.0" xmlns="http://schemas.microsoft.com/developer/msbuild/2003">
  <ItemGroup>
    <Filter Include="Source">
      <UniqueIdentifier>{93f9121c-76a4-48ae-af7d-e42dfd47896f}</UniqueIdentifier>
    </Filter>
    <Filter Include="Source\Game">
      <UniqueIdentifier>{43b7ca7b-a74e-4bbb-b125-4eeba9d80a2a}</UniqueIdentifier>
    </Filter>
    <Filter Include="Source\Engine">
      <UniqueIdentifier>{7306b136-a6e4-47e7-b1b5-d37730e2d6fe}</UniqueIdentifier>
    </Filter>
    <Filter Include="Source\Game\Entity">
      <UniqueIdentifier>{ff4b7fe4-7d77-4a74-8f0d-1c5a9363bd04}</UniqueIdentifier>
    </Filter>
    <Filter Include="Source\Game\Entity\Action">
      <UniqueIdentifier>{95eefced-b894-47b4-bf5d-da4a49b3a4d6}</UniqueIdentifier>
    </Filter>
    <Filter Include="Source\Game\Item">
      <UniqueIdentifier>{80ef557c-5b9c-468b-b067-2f726e1e87a4}</UniqueIdentifier>
    </Filter>
    <Filter Include="Source\Game\Terrain">
      <UniqueIdentifier>{a9b8fb87-80c8-4d00-b7ff-a2938b0e5594}</UniqueIdentifier>
    </Filter>
    <Filter Include="Source\Game\Map">
      <UniqueIdentifier>{93b5f330-137c-41a0-b8e3-2d2cbc844cb5}</UniqueIdentifier>
    </Filter>
  </ItemGroup>
  <ItemGroup>
    <ClCompile Include="Source\Main.cpp">
      <Filter>Source</Filter>
    </ClCompile>
    <ClCompile Include="Source\Game\Game.cpp">
      <Filter>Source\Game</Filter>
    </ClCompile>
    <ClCompile Include="Source\Game\Entity\Entity.cpp">
      <Filter>Source\Game\Entity</Filter>
    </ClCompile>
    <ClCompile Include="Source\Game\Entity\Monster.cpp">
      <Filter>Source\Game\Entity</Filter>
    </ClCompile>
    <ClCompile Include="Source\Game\Entity\Peon.cpp">
      <Filter>Source\Game\Entity</Filter>
    </ClCompile>
    <ClCompile Include="Source\Game\Entity\Prop.cpp">
      <Filter>Source\Game\Entity</Filter>
    </ClCompile>
    <ClCompile Include="Source\Game\Entity\Resource.cpp">
      <Filter>Source\Game\Entity</Filter>
    </ClCompile>
    <ClCompile Include="Source\Game\Entity\Stockpile.cpp">
      <Filter>Source\Game\Entity</Filter>
    </ClCompile>
    <ClCompile Include="Source\Game\Entity\Tree.cpp">
      <Filter>Source\Game\Entity</Filter>
    </ClCompile>
    <ClCompile Include="Source\Game\Entity\Action\Action.cpp">
      <Filter>Source\Game\Entity\Action</Filter>
    </ClCompile>
    <ClCompile Include="Source\Game\Entity\Action\IdleAction.cpp">
      <Filter>Source\Game\Entity\Action</Filter>
    </ClCompile>
    <ClCompile Include="Source\Game\Entity\Action\MoveAction.cpp">
      <Filter>Source\Game\Entity\Action</Filter>
    </ClCompile>
    <ClCompile Include="Source\Engine\Input.cpp">
      <Filter>Source\Engine</Filter>
    </ClCompile>
    <ClCompile Include="Source\Engine\Renderer.cpp">
      <Filter>Source\Engine</Filter>
    </ClCompile>
    <ClCompile Include="Source\Engine\Timer.cpp">
      <Filter>Source\Engine</Filter>
    </ClCompile>
    <ClCompile Include="Source\Engine\Window.cpp">
      <Filter>Source\Engine</Filter>
    </ClCompile>
    <ClCompile Include="Source\Game\Entity\Action\GatherAction.cpp">
      <Filter>Source\Game\Entity\Action</Filter>
    </ClCompile>
    <ClCompile Include="Source\Game\Item\Inventory.cpp">
      <Filter>Source\Game\Item</Filter>
    </ClCompile>
    <ClCompile Include="Source\Engine\Debug.cpp">
      <Filter>Source\Engine</Filter>
    </ClCompile>
    <ClCompile Include="Source\Engine\Random.cpp">
      <Filter>Source\Engine</Filter>
    </ClCompile>
    <ClCompile Include="Source\Game\Entity\Rock.cpp">
      <Filter>Source\Game\Entity</Filter>
    </ClCompile>
    <ClCompile Include="Source\Game\Terrain\Tile.cpp">
      <Filter>Source\Game\Terrain</Filter>
    </ClCompile>
    <ClCompile Include="Source\Game\Terrain\GrassTile.cpp">
      <Filter>Source\Game\Terrain</Filter>
    </ClCompile>
    <ClCompile Include="Source\Engine\Camera.cpp">
      <Filter>Source\Engine</Filter>
    </ClCompile>
    <ClCompile Include="Source\Game\Entity\Action\DepositAction.cpp">
      <Filter>Source\Game\Entity\Action</Filter>
    </ClCompile>
    <ClCompile Include="Source\Game\Entity\Action\WithdrawAction.cpp">
      <Filter>Source\Game\Entity\Action</Filter>
    </ClCompile>
    <ClCompile Include="Source\Game\Entity\Action\SmeltAction.cpp">
      <Filter>Source\Game\Entity\Action</Filter>
    </ClCompile>
    <ClCompile Include="Source\Game\Entity\Forge.cpp">
      <Filter>Source\Game\Entity</Filter>
    </ClCompile>
    <ClCompile Include="Source\Game\Map\Map.cpp">
      <Filter>Source\Game\Map</Filter>
    </ClCompile>
    <ClCompile Include="Source\Engine\PerlinGenerator.cpp">
      <Filter>Source\Engine</Filter>
    </ClCompile>
  </ItemGroup>
  <ItemGroup>
    <ClInclude Include="Source\PCH.hpp">
      <Filter>Source</Filter>
    </ClInclude>
    <ClInclude Include="Source\Game\Game.hpp">
      <Filter>Source\Game</Filter>
    </ClInclude>
    <ClInclude Include="Source\Game\Entity\Entity.hpp">
      <Filter>Source\Game\Entity</Filter>
    </ClInclude>
    <ClInclude Include="Source\Game\Entity\Monster.hpp">
      <Filter>Source\Game\Entity</Filter>
    </ClInclude>
    <ClInclude Include="Source\Game\Entity\Peon.hpp">
      <Filter>Source\Game\Entity</Filter>
    </ClInclude>
    <ClInclude Include="Source\Game\Entity\Prop.hpp">
      <Filter>Source\Game\Entity</Filter>
    </ClInclude>
    <ClInclude Include="Source\Game\Entity\Resource.hpp">
      <Filter>Source\Game\Entity</Filter>
    </ClInclude>
    <ClInclude Include="Source\Game\Entity\Stockpile.hpp">
      <Filter>Source\Game\Entity</Filter>
    </ClInclude>
    <ClInclude Include="Source\Game\Entity\Tree.hpp">
      <Filter>Source\Game\Entity</Filter>
    </ClInclude>
    <ClInclude Include="Source\Game\Entity\Action\Action.hpp">
      <Filter>Source\Game\Entity\Action</Filter>
    </ClInclude>
    <ClInclude Include="Source\Game\Entity\Action\IdleAction.hpp">
      <Filter>Source\Game\Entity\Action</Filter>
    </ClInclude>
    <ClInclude Include="Source\Game\Entity\Action\MoveAction.hpp">
      <Filter>Source\Game\Entity\Action</Filter>
    </ClInclude>
    <ClInclude Include="Source\Engine\Input.hpp">
      <Filter>Source\Engine</Filter>
    </ClInclude>
    <ClInclude Include="Source\Engine\Renderer.hpp">
      <Filter>Source\Engine</Filter>
    </ClInclude>
    <ClInclude Include="Source\Engine\Timer.hpp">
      <Filter>Source\Engine</Filter>
    </ClInclude>
    <ClInclude Include="Source\Engine\Vector2D.hpp">
      <Filter>Source\Engine</Filter>
    </ClInclude>
    <ClInclude Include="Source\Engine\Window.hpp">
      <Filter>Source\Engine</Filter>
    </ClInclude>
    <ClInclude Include="Source\Game\Entity\Action\GatherAction.hpp">
      <Filter>Source\Game\Entity\Action</Filter>
    </ClInclude>
    <ClInclude Include="Source\Game\Item\Inventory.hpp">
      <Filter>Source\Game\Item</Filter>
    </ClInclude>
    <ClInclude Include="Source\Engine\Debug.hpp">
      <Filter>Source\Engine</Filter>
    </ClInclude>
    <ClInclude Include="Source\Engine\Random.hpp">
      <Filter>Source\Engine</Filter>
    </ClInclude>
    <ClInclude Include="Source\Game\Entity\Rock.hpp">
      <Filter>Source\Game\Entity</Filter>
    </ClInclude>
    <ClInclude Include="Source\Game\Terrain\Tile.hpp">
      <Filter>Source\Game\Terrain</Filter>
    </ClInclude>
    <ClInclude Include="Source\Game\Terrain\GrassTile.hpp">
      <Filter>Source\Game\Terrain</Filter>
    </ClInclude>
    <ClInclude Include="Source\Engine\Camera.hpp">
      <Filter>Source\Engine</Filter>
    </ClInclude>
    <ClInclude Include="Source\Engine\Rectangle.hpp">
      <Filter>Source\Engine</Filter>
    </ClInclude>
    <ClInclude Include="Source\Game\Item\ItemType.hpp">
      <Filter>Source\Game\Item</Filter>
    </ClInclude>
    <ClInclude Include="Source\Game\Entity\Action\DepositAction.hpp">
      <Filter>Source\Game\Entity\Action</Filter>
    </ClInclude>
    <ClInclude Include="Source\Game\Entity\Action\WithdrawAction.hpp">
      <Filter>Source\Game\Entity\Action</Filter>
    </ClInclude>
    <ClInclude Include="Source\Game\Entity\Action\SmeltAction.hpp">
      <Filter>Source\Game\Entity\Action</Filter>
    </ClInclude>
    <ClInclude Include="Source\Game\Entity\Forge.hpp">
      <Filter>Source\Game\Entity</Filter>
    </ClInclude>
    <ClInclude Include="Source\Game\Map\Map.hpp">
      <Filter>Source\Game\Map</Filter>
    </ClInclude>
    <ClInclude Include="Source\Engine\PerlinGenerator.hpp">
      <Filter>Source\Engine</Filter>
    </ClInclude>
  </ItemGroup>
</Project>